// !$*UTF8*$!
{
	archiveVersion = 1;
	classes = {
	};
	objectVersion = 46;
	objects = {

/* Begin PBXBuildFile section */
		7346050A1A831B3D00FCA03E /* Whiteball@2x.png in Resources */ = {isa = PBXBuildFile; fileRef = 734605091A831B3D00FCA03E /* Whiteball@2x.png */; };
		7346051C1A831B8E00FCA03E /* FMDatabase.m in Sources */ = {isa = PBXBuildFile; fileRef = 734605121A831B8E00FCA03E /* FMDatabase.m */; };
		7346051D1A831B8E00FCA03E /* FMDatabaseAdditions.m in Sources */ = {isa = PBXBuildFile; fileRef = 734605141A831B8E00FCA03E /* FMDatabaseAdditions.m */; };
		7346051E1A831B8E00FCA03E /* FMDatabasePool.m in Sources */ = {isa = PBXBuildFile; fileRef = 734605161A831B8E00FCA03E /* FMDatabasePool.m */; };
		7346051F1A831B8E00FCA03E /* FMDatabaseQueue.m in Sources */ = {isa = PBXBuildFile; fileRef = 734605181A831B8E00FCA03E /* FMDatabaseQueue.m */; };
		734605201A831B8E00FCA03E /* FMResultSet.m in Sources */ = {isa = PBXBuildFile; fileRef = 7346051B1A831B8E00FCA03E /* FMResultSet.m */; };
		734605221A831BCD00FCA03E /* libsqlite3.0.dylib in Frameworks */ = {isa = PBXBuildFile; fileRef = 734605211A831BCD00FCA03E /* libsqlite3.0.dylib */; };
		734605241A831BD100FCA03E /* Foundation.framework in Frameworks */ = {isa = PBXBuildFile; fileRef = 734605231A831BD100FCA03E /* Foundation.framework */; };
		738044491A81C21900E02E4F /* main.m in Sources */ = {isa = PBXBuildFile; fileRef = 738044481A81C21900E02E4F /* main.m */; };
		7380444C1A81C21900E02E4F /* AppDelegate.m in Sources */ = {isa = PBXBuildFile; fileRef = 7380444B1A81C21900E02E4F /* AppDelegate.m */; };
		7380444F1A81C21900E02E4F /* ViewController.m in Sources */ = {isa = PBXBuildFile; fileRef = 7380444E1A81C21900E02E4F /* ViewController.m */; };
		738044521A81C21900E02E4F /* Main.storyboard in Resources */ = {isa = PBXBuildFile; fileRef = 738044501A81C21900E02E4F /* Main.storyboard */; };
		738044541A81C21900E02E4F /* Images.xcassets in Resources */ = {isa = PBXBuildFile; fileRef = 738044531A81C21900E02E4F /* Images.xcassets */; };
		738044571A81C21900E02E4F /* LaunchScreen.xib in Resources */ = {isa = PBXBuildFile; fileRef = 738044551A81C21900E02E4F /* LaunchScreen.xib */; };
		738044631A81C21900E02E4F /* DataStorageTests.m in Sources */ = {isa = PBXBuildFile; fileRef = 738044621A81C21900E02E4F /* DataStorageTests.m */; };
		7380446E1A81CCF200E02E4F /* Person.m in Sources */ = {isa = PBXBuildFile; fileRef = 7380446D1A81CCF200E02E4F /* Person.m */; };
/* End PBXBuildFile section */

/* Begin PBXContainerItemProxy section */
		7380445D1A81C21900E02E4F /* PBXContainerItemProxy */ = {
			isa = PBXContainerItemProxy;
			containerPortal = 7380443B1A81C21900E02E4F /* Project object */;
			proxyType = 1;
			remoteGlobalIDString = 738044421A81C21900E02E4F;
			remoteInfo = DataStorage;
		};
/* End PBXContainerItemProxy section */

/* Begin PBXFileReference section */
		734605091A831B3D00FCA03E /* Whiteball@2x.png */ = {isa = PBXFileReference; lastKnownFileType = image.png; path = "Whiteball@2x.png"; sourceTree = "<group>"; };
		734605111A831B8E00FCA03E /* FMDatabase.h */ = {isa = PBXFileReference; fileEncoding = 4; lastKnownFileType = sourcecode.c.h; path = FMDatabase.h; sourceTree = "<group>"; };
		734605121A831B8E00FCA03E /* FMDatabase.m */ = {isa = PBXFileReference; fileEncoding = 4; lastKnownFileType = sourcecode.c.objc; path = FMDatabase.m; sourceTree = "<group>"; };
		734605131A831B8E00FCA03E /* FMDatabaseAdditions.h */ = {isa = PBXFileReference; fileEncoding = 4; lastKnownFileType = sourcecode.c.h; path = FMDatabaseAdditions.h; sourceTree = "<group>"; };
		734605141A831B8E00FCA03E /* FMDatabaseAdditions.m */ = {isa = PBXFileReference; fileEncoding = 4; lastKnownFileType = sourcecode.c.objc; path = FMDatabaseAdditions.m; sourceTree = "<group>"; };
		734605151A831B8E00FCA03E /* FMDatabasePool.h */ = {isa = PBXFileReference; fileEncoding = 4; lastKnownFileType = sourcecode.c.h; path = FMDatabasePool.h; sourceTree = "<group>"; };
		734605161A831B8E00FCA03E /* FMDatabasePool.m */ = {isa = PBXFileReference; fileEncoding = 4; lastKnownFileType = sourcecode.c.objc; path = FMDatabasePool.m; sourceTree = "<group>"; };
		734605171A831B8E00FCA03E /* FMDatabaseQueue.h */ = {isa = PBXFileReference; fileEncoding = 4; lastKnownFileType = sourcecode.c.h; path = FMDatabaseQueue.h; sourceTree = "<group>"; };
		734605181A831B8E00FCA03E /* FMDatabaseQueue.m */ = {isa = PBXFileReference; fileEncoding = 4; lastKnownFileType = sourcecode.c.objc; path = FMDatabaseQueue.m; sourceTree = "<group>"; };
		734605191A831B8E00FCA03E /* FMDB.h */ = {isa = PBXFileReference; fileEncoding = 4; lastKnownFileType = sourcecode.c.h; path = FMDB.h; sourceTree = "<group>"; };
		7346051A1A831B8E00FCA03E /* FMResultSet.h */ = {isa = PBXFileReference; fileEncoding = 4; lastKnownFileType = sourcecode.c.h; path = FMResultSet.h; sourceTree = "<group>"; };
		7346051B1A831B8E00FCA03E /* FMResultSet.m */ = {isa = PBXFileReference; fileEncoding = 4; lastKnownFileType = sourcecode.c.objc; path = FMResultSet.m; sourceTree = "<group>"; };
		734605211A831BCD00FCA03E /* libsqlite3.0.dylib */ = {isa = PBXFileReference; lastKnownFileType = "compiled.mach-o.dylib"; name = libsqlite3.0.dylib; path = usr/lib/libsqlite3.0.dylib; sourceTree = SDKROOT; };
		734605231A831BD100FCA03E /* Foundation.framework */ = {isa = PBXFileReference; lastKnownFileType = wrapper.framework; name = Foundation.framework; path = System/Library/Frameworks/Foundation.framework; sourceTree = SDKROOT; };
		738044431A81C21900E02E4F /* DataStorage.app */ = {isa = PBXFileReference; explicitFileType = wrapper.application; includeInIndex = 0; path = DataStorage.app; sourceTree = BUILT_PRODUCTS_DIR; };
		738044471A81C21900E02E4F /* Info.plist */ = {isa = PBXFileReference; lastKnownFileType = text.plist.xml; path = Info.plist; sourceTree = "<group>"; };
		738044481A81C21900E02E4F /* main.m */ = {isa = PBXFileReference; lastKnownFileType = sourcecode.c.objc; path = main.m; sourceTree = "<group>"; };
		7380444A1A81C21900E02E4F /* AppDelegate.h */ = {isa = PBXFileReference; lastKnownFileType = sourcecode.c.h; path = AppDelegate.h; sourceTree = "<group>"; };
		7380444B1A81C21900E02E4F /* AppDelegate.m */ = {isa = PBXFileReference; lastKnownFileType = sourcecode.c.objc; path = AppDelegate.m; sourceTree = "<group>"; };
		7380444D1A81C21900E02E4F /* ViewController.h */ = {isa = PBXFileReference; lastKnownFileType = sourcecode.c.h; path = ViewController.h; sourceTree = "<group>"; };
		7380444E1A81C21900E02E4F /* ViewController.m */ = {isa = PBXFileReference; lastKnownFileType = sourcecode.c.objc; path = ViewController.m; sourceTree = "<group>"; };
		738044511A81C21900E02E4F /* Base */ = {isa = PBXFileReference; lastKnownFileType = file.storyboard; name = Base; path = Base.lproj/Main.storyboard; sourceTree = "<group>"; };
		738044531A81C21900E02E4F /* Images.xcassets */ = {isa = PBXFileReference; lastKnownFileType = folder.assetcatalog; path = Images.xcassets; sourceTree = "<group>"; };
		738044561A81C21900E02E4F /* Base */ = {isa = PBXFileReference; lastKnownFileType = file.xib; name = Base; path = Base.lproj/LaunchScreen.xib; sourceTree = "<group>"; };
		7380445C1A81C21900E02E4F /* DataStorageTests.xctest */ = {isa = PBXFileReference; explicitFileType = wrapper.cfbundle; includeInIndex = 0; path = DataStorageTests.xctest; sourceTree = BUILT_PRODUCTS_DIR; };
		738044611A81C21900E02E4F /* Info.plist */ = {isa = PBXFileReference; lastKnownFileType = text.plist.xml; path = Info.plist; sourceTree = "<group>"; };
		738044621A81C21900E02E4F /* DataStorageTests.m */ = {isa = PBXFileReference; lastKnownFileType = sourcecode.c.objc; path = DataStorageTests.m; sourceTree = "<group>"; };
		7380446C1A81CCF200E02E4F /* Person.h */ = {isa = PBXFileReference; fileEncoding = 4; lastKnownFileType = sourcecode.c.h; path = Person.h; sourceTree = "<group>"; };
		7380446D1A81CCF200E02E4F /* Person.m */ = {isa = PBXFileReference; fileEncoding = 4; lastKnownFileType = sourcecode.c.objc; path = Person.m; sourceTree = "<group>"; };
/* End PBXFileReference section */

/* Begin PBXFrameworksBuildPhase section */
		738044401A81C21900E02E4F /* Frameworks */ = {
			isa = PBXFrameworksBuildPhase;
			buildActionMask = 2147483647;
			files = (
				734605241A831BD100FCA03E /* Foundation.framework in Frameworks */,
				734605221A831BCD00FCA03E /* libsqlite3.0.dylib in Frameworks */,
			);
			runOnlyForDeploymentPostprocessing = 0;
		};
		738044591A81C21900E02E4F /* Frameworks */ = {
			isa = PBXFrameworksBuildPhase;
			buildActionMask = 2147483647;
			files = (
			);
			runOnlyForDeploymentPostprocessing = 0;
		};
/* End PBXFrameworksBuildPhase section */

/* Begin PBXGroup section */
		7301AFC11A831CD100F4F631 /* Library and FrameWork */ = {
			isa = PBXGroup;
			children = (
				734605231A831BD100FCA03E /* Foundation.framework */,
				734605211A831BCD00FCA03E /* libsqlite3.0.dylib */,
			);
			name = "Library and FrameWork";
			sourceTree = "<group>";
		};
		7346050F1A831B5900FCA03E /* External Frameworks and Libraries */ = {
			isa = PBXGroup;
			children = (
			);
			name = "External Frameworks and Libraries";
			sourceTree = "<group>";
		};
		734605101A831B8E00FCA03E /* fmdb */ = {
			isa = PBXGroup;
			children = (
				734605111A831B8E00FCA03E /* FMDatabase.h */,
				734605121A831B8E00FCA03E /* FMDatabase.m */,
				734605131A831B8E00FCA03E /* FMDatabaseAdditions.h */,
				734605141A831B8E00FCA03E /* FMDatabaseAdditions.m */,
				734605151A831B8E00FCA03E /* FMDatabasePool.h */,
				734605161A831B8E00FCA03E /* FMDatabasePool.m */,
				734605171A831B8E00FCA03E /* FMDatabaseQueue.h */,
				734605181A831B8E00FCA03E /* FMDatabaseQueue.m */,
				734605191A831B8E00FCA03E /* FMDB.h */,
				7346051A1A831B8E00FCA03E /* FMResultSet.h */,
				7346051B1A831B8E00FCA03E /* FMResultSet.m */,
			);
			path = fmdb;
			sourceTree = "<group>";
		};
		7380443A1A81C21900E02E4F = {
			isa = PBXGroup;
			children = (
				7301AFC11A831CD100F4F631 /* Library and FrameWork */,
				734605101A831B8E00FCA03E /* fmdb */,
				7346050F1A831B5900FCA03E /* External Frameworks and Libraries */,
				734605091A831B3D00FCA03E /* Whiteball@2x.png */,
				738044451A81C21900E02E4F /* DataStorage */,
				7380445F1A81C21900E02E4F /* DataStorageTests */,
				738044441A81C21900E02E4F /* Products */,
			);
			sourceTree = "<group>";
		};
		738044441A81C21900E02E4F /* Products */ = {
			isa = PBXGroup;
			children = (
				738044431A81C21900E02E4F /* DataStorage.app */,
				7380445C1A81C21900E02E4F /* DataStorageTests.xctest */,
			);
			name = Products;
			sourceTree = "<group>";
		};
		738044451A81C21900E02E4F /* DataStorage */ = {
			isa = PBXGroup;
			children = (
				7380444A1A81C21900E02E4F /* AppDelegate.h */,
				7380444B1A81C21900E02E4F /* AppDelegate.m */,
				7380444D1A81C21900E02E4F /* ViewController.h */,
				7380444E1A81C21900E02E4F /* ViewController.m */,
				7380446C1A81CCF200E02E4F /* Person.h */,
				7380446D1A81CCF200E02E4F /* Person.m */,
				738044501A81C21900E02E4F /* Main.storyboard */,
				738044531A81C21900E02E4F /* Images.xcassets */,
				738044551A81C21900E02E4F /* LaunchScreen.xib */,
				738044461A81C21900E02E4F /* Supporting Files */,
			);
			path = DataStorage;
			sourceTree = "<group>";
		};
		738044461A81C21900E02E4F /* Supporting Files */ = {
			isa = PBXGroup;
			children = (
				738044471A81C21900E02E4F /* Info.plist */,
				738044481A81C21900E02E4F /* main.m */,
			);
			name = "Supporting Files";
			sourceTree = "<group>";
		};
		7380445F1A81C21900E02E4F /* DataStorageTests */ = {
			isa = PBXGroup;
			children = (
				738044621A81C21900E02E4F /* DataStorageTests.m */,
				738044601A81C21900E02E4F /* Supporting Files */,
			);
			path = DataStorageTests;
			sourceTree = "<group>";
		};
		738044601A81C21900E02E4F /* Supporting Files */ = {
			isa = PBXGroup;
			children = (
				738044611A81C21900E02E4F /* Info.plist */,
			);
			name = "Supporting Files";
			sourceTree = "<group>";
		};
/* End PBXGroup section */

/* Begin PBXNativeTarget section */
		738044421A81C21900E02E4F /* DataStorage */ = {
			isa = PBXNativeTarget;
			buildConfigurationList = 738044661A81C21900E02E4F /* Build configuration list for PBXNativeTarget "DataStorage" */;
			buildPhases = (
				7380443F1A81C21900E02E4F /* Sources */,
				738044401A81C21900E02E4F /* Frameworks */,
				738044411A81C21900E02E4F /* Resources */,
			);
			buildRules = (
			);
			dependencies = (
			);
			name = DataStorage;
			productName = DataStorage;
			productReference = 738044431A81C21900E02E4F /* DataStorage.app */;
			productType = "com.apple.product-type.application";
		};
		7380445B1A81C21900E02E4F /* DataStorageTests */ = {
			isa = PBXNativeTarget;
			buildConfigurationList = 738044691A81C21900E02E4F /* Build configuration list for PBXNativeTarget "DataStorageTests" */;
			buildPhases = (
				738044581A81C21900E02E4F /* Sources */,
				738044591A81C21900E02E4F /* Frameworks */,
				7380445A1A81C21900E02E4F /* Resources */,
			);
			buildRules = (
			);
			dependencies = (
				7380445E1A81C21900E02E4F /* PBXTargetDependency */,
			);
			name = DataStorageTests;
			productName = DataStorageTests;
			productReference = 7380445C1A81C21900E02E4F /* DataStorageTests.xctest */;
			productType = "com.apple.product-type.bundle.unit-test";
		};
/* End PBXNativeTarget section */

/* Begin PBXProject section */
		7380443B1A81C21900E02E4F /* Project object */ = {
			isa = PBXProject;
			attributes = {
				LastUpgradeCheck = 0600;
				ORGANIZATIONNAME = jamalping;
				TargetAttributes = {
					738044421A81C21900E02E4F = {
						CreatedOnToolsVersion = 6.0.1;
					};
					7380445B1A81C21900E02E4F = {
						CreatedOnToolsVersion = 6.0.1;
						TestTargetID = 738044421A81C21900E02E4F;
					};
				};
			};
			buildConfigurationList = 7380443E1A81C21900E02E4F /* Build configuration list for PBXProject "DataStorage" */;
			compatibilityVersion = "Xcode 3.2";
			developmentRegion = English;
			hasScannedForEncodings = 0;
			knownRegions = (
				en,
				Base,
			);
			mainGroup = 7380443A1A81C21900E02E4F;
			productRefGroup = 738044441A81C21900E02E4F /* Products */;
			projectDirPath = "";
			projectRoot = "";
			targets = (
				738044421A81C21900E02E4F /* DataStorage */,
				7380445B1A81C21900E02E4F /* DataStorageTests */,
			);
		};
/* End PBXProject section */

/* Begin PBXResourcesBuildPhase section */
		738044411A81C21900E02E4F /* Resources */ = {
			isa = PBXResourcesBuildPhase;
			buildActionMask = 2147483647;
			files = (
				738044521A81C21900E02E4F /* Main.storyboard in Resources */,
				7346050A1A831B3D00FCA03E /* Whiteball@2x.png in Resources */,
				738044571A81C21900E02E4F /* LaunchScreen.xib in Resources */,
				738044541A81C21900E02E4F /* Images.xcassets in Resources */,
			);
			runOnlyForDeploymentPostprocessing = 0;
		};
		7380445A1A81C21900E02E4F /* Resources */ = {
			isa = PBXResourcesBuildPhase;
			buildActionMask = 2147483647;
			files = (
			);
			runOnlyForDeploymentPostprocessing = 0;
		};
/* End PBXResourcesBuildPhase section */

/* Begin PBXSourcesBuildPhase section */
		7380443F1A81C21900E02E4F /* Sources */ = {
			isa = PBXSourcesBuildPhase;
			buildActionMask = 2147483647;
			files = (
				7380444F1A81C21900E02E4F /* ViewController.m in Sources */,
				7346051F1A831B8E00FCA03E /* FMDatabaseQueue.m in Sources */,
				7380444C1A81C21900E02E4F /* AppDelegate.m in Sources */,
				7380446E1A81CCF200E02E4F /* Person.m in Sources */,
				7346051C1A831B8E00FCA03E /* FMDatabase.m in Sources */,
				7346051E1A831B8E00FCA03E /* FMDatabasePool.m in Sources */,
				734605201A831B8E00FCA03E /* FMResultSet.m in Sources */,
				738044491A81C21900E02E4F /* main.m in Sources */,
				7346051D1A831B8E00FCA03E /* FMDatabaseAdditions.m in Sources */,
			);
			runOnlyForDeploymentPostprocessing = 0;
		};
		738044581A81C21900E02E4F /* Sources */ = {
			isa = PBXSourcesBuildPhase;
			buildActionMask = 2147483647;
			files = (
				738044631A81C21900E02E4F /* DataStorageTests.m in Sources */,
			);
			runOnlyForDeploymentPostprocessing = 0;
		};
/* End PBXSourcesBuildPhase section */

/* Begin PBXTargetDependency section */
		7380445E1A81C21900E02E4F /* PBXTargetDependency */ = {
			isa = PBXTargetDependency;
			target = 738044421A81C21900E02E4F /* DataStorage */;
			targetProxy = 7380445D1A81C21900E02E4F /* PBXContainerItemProxy */;
		};
/* End PBXTargetDependency section */

/* Begin PBXVariantGroup section */
		738044501A81C21900E02E4F /* Main.storyboard */ = {
			isa = PBXVariantGroup;
			children = (
				738044511A81C21900E02E4F /* Base */,
			);
			name = Main.storyboard;
			sourceTree = "<group>";
		};
		738044551A81C21900E02E4F /* LaunchScreen.xib */ = {
			isa = PBXVariantGroup;
			children = (
				738044561A81C21900E02E4F /* Base */,
			);
			name = LaunchScreen.xib;
			sourceTree = "<group>";
		};
/* End PBXVariantGroup section */

/* Begin XCBuildConfiguration section */
		738044641A81C21900E02E4F /* Debug */ = {
			isa = XCBuildConfiguration;
			buildSettings = {
				ALWAYS_SEARCH_USER_PATHS = NO;
				CLANG_CXX_LANGUAGE_STANDARD = "gnu++0x";
				CLANG_CXX_LIBRARY = "libc++";
				CLANG_ENABLE_MODULES = YES;
				CLANG_ENABLE_OBJC_ARC = YES;
				CLANG_WARN_BOOL_CONVERSION = YES;
				CLANG_WARN_CONSTANT_CONVERSION = YES;
				CLANG_WARN_DIRECT_OBJC_ISA_USAGE = YES_ERROR;
				CLANG_WARN_EMPTY_BODY = YES;
				CLANG_WARN_ENUM_CONVERSION = YES;
				CLANG_WARN_INT_CONVERSION = YES;
				CLANG_WARN_OBJC_ROOT_CLASS = YES_ERROR;
				CLANG_WARN_UNREACHABLE_CODE = YES;
				CLANG_WARN__DUPLICATE_METHOD_MATCH = YES;
				"CODE_SIGN_IDENTITY[sdk=iphoneos*]" = "iPhone Developer";
				COPY_PHASE_STRIP = NO;
				ENABLE_STRICT_OBJC_MSGSEND = YES;
				GCC_C_LANGUAGE_STANDARD = gnu99;
				GCC_DYNAMIC_NO_PIC = NO;
				GCC_OPTIMIZATION_LEVEL = 0;
				GCC_PREPROCESSOR_DEFINITIONS = (
					"DEBUG=1",
					"$(inherited)",
				);
				GCC_SYMBOLS_PRIVATE_EXTERN = NO;
				GCC_WARN_64_TO_32_BIT_CONVERSION = YES;
				GCC_WARN_ABOUT_RETURN_TYPE = YES_ERROR;
				GCC_WARN_UNDECLARED_SELECTOR = YES;
				GCC_WARN_UNINITIALIZED_AUTOS = YES_AGGRESSIVE;
				GCC_WARN_UNUSED_FUNCTION = YES;
				GCC_WARN_UNUSED_VARIABLE = YES;
				IPHONEOS_DEPLOYMENT_TARGET = 8.0;
				MTL_ENABLE_DEBUG_INFO = YES;
				ONLY_ACTIVE_ARCH = YES;
				SDKROOT = iphoneos;
			};
			name = Debug;
		};
		738044651A81C21900E02E4F /* Release */ = {
			isa = XCBuildConfiguration;
			buildSettings = {
				ALWAYS_SEARCH_USER_PATHS = NO;
				CLANG_CXX_LANGUAGE_STANDARD = "gnu++0x";
				CLANG_CXX_LIBRARY = "libc++";
				CLANG_ENABLE_MODULES = YES;
				CLANG_ENABLE_OBJC_ARC = YES;
				CLANG_WARN_BOOL_CONVERSION = YES;
				CLANG_WARN_CONSTANT_CONVERSION = YES;
				CLANG_WARN_DIRECT_OBJC_ISA_USAGE = YES_ERROR;
				CLANG_WARN_EMPTY_BODY = YES;
				CLANG_WARN_ENUM_CONVERSION = YES;
				CLANG_WARN_INT_CONVERSION = YES;
				CLANG_WARN_OBJC_ROOT_CLASS = YES_ERROR;
				CLANG_WARN_UNREACHABLE_CODE = YES;
				CLANG_WARN__DUPLICATE_METHOD_MATCH = YES;
				"CODE_SIGN_IDENTITY[sdk=iphoneos*]" = "iPhone Developer";
				COPY_PHASE_STRIP = YES;
				ENABLE_NS_ASSERTIONS = NO;
				ENABLE_STRICT_OBJC_MSGSEND = YES;
				GCC_C_LANGUAGE_STANDARD = gnu99;
				GCC_WARN_64_TO_32_BIT_CONVERSION = YES;
				GCC_WARN_ABOUT_RETURN_TYPE = YES_ERROR;
				GCC_WARN_UNDECLARED_SELECTOR = YES;
				GCC_WARN_UNINITIALIZED_AUTOS = YES_AGGRESSIVE;
				GCC_WARN_UNUSED_FUNCTION = YES;
				GCC_WARN_UNUSED_VARIABLE = YES;
				IPHONEOS_DEPLOYMENT_TARGET = 8.0;
				MTL_ENABLE_DEBUG_INFO = NO;
				SDKROOT = iphoneos;
				VALIDATE_PRODUCT = YES;
			};
			name = Release;
		};
		738044671A81C21900E02E4F /* Debug */ = {
			isa = XCBuildConfiguration;
			buildSettings = {
				ASSETCATALOG_COMPILER_APPICON_NAME = AppIcon;
				FRAMEWORK_SEARCH_PATHS = (
					"$(inherited)",
					"$(PROJECT_DIR)",
				);
				INFOPLIST_FILE = DataStorage/Info.plist;
				LD_RUNPATH_SEARCH_PATHS = "$(inherited) @executable_path/Frameworks";
				LIBRARY_SEARCH_PATHS = (
					"$(inherited)",
					"$(PROJECT_DIR)",
				);
				PRODUCT_NAME = "$(TARGET_NAME)";
			};
			name = Debug;
		};
		738044681A81C21900E02E4F /* Release */ = {
			isa = XCBuildConfiguration;
			buildSettings = {
				ASSETCATALOG_COMPILER_APPICON_NAME = AppIcon;
				FRAMEWORK_SEARCH_PATHS = (
					"$(inherited)",
					"$(PROJECT_DIR)",
				);
				INFOPLIST_FILE = DataStorage/Info.plist;
				LD_RUNPATH_SEARCH_PATHS = "$(inherited) @executable_path/Frameworks";
				LIBRARY_SEARCH_PATHS = (
					"$(inherited)",
					"$(PROJECT_DIR)",
				);
				PRODUCT_NAME = "$(TARGET_NAME)";
			};
			name = Release;
		};
		7380446A1A81C21900E02E4F /* Debug */ = {
			isa = XCBuildConfiguration;
			buildSettings = {
				BUNDLE_LOADER = "$(TEST_HOST)";
				FRAMEWORK_SEARCH_PATHS = (
					"$(SDKROOT)/Developer/Library/Frameworks",
					"$(inherited)",
				);
				GCC_PREPROCESSOR_DEFINITIONS = (
					"DEBUG=1",
					"$(inherited)",
				);
				INFOPLIST_FILE = DataStorageTests/Info.plist;
				LD_RUNPATH_SEARCH_PATHS = "$(inherited) @executable_path/Frameworks @loader_path/Frameworks";
				PRODUCT_NAME = "$(TARGET_NAME)";
				TEST_HOST = "$(BUILT_PRODUCTS_DIR)/DataStorage.app/DataStorage";
			};
			name = Debug;
		};
		7380446B1A81C21900E02E4F /* Release */ = {
			isa = XCBuildConfiguration;
			buildSettings = {
				BUNDLE_LOADER = "$(TEST_HOST)";
				FRAMEWORK_SEARCH_PATHS = (
					"$(SDKROOT)/Developer/Library/Frameworks",
					"$(inherited)",
				);
				INFOPLIST_FILE = DataStorageTests/Info.plist;
				LD_RUNPATH_SEARCH_PATHS = "$(inherited) @executable_path/Frameworks @loader_path/Frameworks";
				PRODUCT_NAME = "$(TARGET_NAME)";
				TEST_HOST = "$(BUILT_PRODUCTS_DIR)/DataStorage.app/DataStorage";
			};
			name = Release;
		};
/* End XCBuildConfiguration section */

/* Begin XCConfigurationList section */
		7380443E1A81C21900E02E4F /* Build configuration list for PBXProject "DataStorage" */ = {
			isa = XCConfigurationList;
			buildConfigurations = (
				738044641A81C21900E02E4F /* Debug */,
				738044651A81C21900E02E4F /* Release */,
			);
			defaultConfigurationIsVisible = 0;
			defaultConfigurationName = Release;
		};
		738044661A81C21900E02E4F /* Build configuration list for PBXNativeTarget "DataStorage" */ = {
			isa = XCConfigurationList;
			buildConfigurations = (
				738044671A81C21900E02E4F /* Debug */,
				738044681A81C21900E02E4F /* Release */,
			);
			defaultConfigurationIsVisible = 0;
			defaultConfigurationName = Release;
		};
		738044691A81C21900E02E4F /* Build configuration list for PBXNativeTarget "DataStorageTests" */ = {
			isa = XCConfigurationList;
			buildConfigurations = (
				7380446A1A81C21900E02E4F /* Debug */,
				7380446B1A81C21900E02E4F /* Release */,
			);
			defaultConfigurationIsVisible = 0;
			defaultConfigurationName = Release;
		};
/* End XCConfigurationList section */
	};
	rootObject = 7380443B1A81C21900E02E4F /* Project object */;
}
